
Microsoft Visual Studio Solution File, Format Version 12.00
# Visual Studio 2013
VisualStudioVersion = 12.0.31101.0
MinimumVisualStudioVersion = 10.0.40219.1
Project("{FAE04EC0-301F-11D3-BF4B-00C04F79EFBC}") = "BigIntegerExtender", "BigIntegerExtender\BigIntegerExtender.csproj", "{819F1A9F-C8AA-413F-95C2-3C808010930F}"
EndProject
Project("{FAE04EC0-301F-11D3-BF4B-00C04F79EFBC}") = "BigIntegerExtenderTests", "BigIntegerExtenderTests\BigIntegerExtenderTests.csproj", "{ECF3F2C3-0890-4472-8F77-E9A70AD98C9B}"
EndProject
Project("{2150E333-8FDC-42A3-9474-1A3956D46DE8}") = "Solution Items", "Solution Items", "{F479AFCF-32C4-41F9-8DF9-FFF2A6EA99E1}"
	ProjectSection(SolutionItems) = preProject
		LICENSE = LICENSE
		README.md = README.md
	EndProjectSection
EndProject
Global
	GlobalSection(SolutionConfigurationPlatforms) = preSolution
		Debug|Any CPU = Debug|Any CPU
		Release|Any CPU = Release|Any CPU
	EndGlobalSection
	GlobalSection(ProjectConfigurationPlatforms) = postSolution
		{819F1A9F-C8AA-413F-95C2-3C808010930F}.Debug|Any CPU.ActiveCfg = Debug|Any CPU
		{819F1A9F-C8AA-413F-95C2-3C808010930F}.Debug|Any CPU.Build.0 = Debug|Any CPU
		{819F1A9F-C8AA-413F-95C2-3C808010930F}.Release|Any CPU.ActiveCfg = Release|Any CPU
		{819F1A9F-C8AA-413F-95C2-3C808010930F}.Release|Any CPU.Build.0 = Release|Any CPU
		{ECF3F2C3-0890-4472-8F77-E9A70AD98C9B}.Debug|Any CPU.ActiveCfg = Debug|Any CPU
		{ECF3F2C3-0890-4472-8F77-E9A70AD98C9B}.Debug|Any CPU.Build.0 = Debug|Any CPU
		{ECF3F2C3-0890-4472-8F77-E9A70AD98C9B}.Release|Any CPU.ActiveCfg = Release|Any CPU
		{ECF3F2C3-0890-4472-8F77-E9A70AD98C9B}.Release|Any CPU.Build.0 = Release|Any CPU
	EndGlobalSection
	GlobalSection(SolutionProperties) = preSolution
		HideSolutionNode = FALSE
	EndGlobalSection
EndGlobal
